// !$*UTF8*$!
{
	archiveVersion = 1;
	classes = {
	};
	objectVersion = 48;
	objects = {

/* Begin PBXBuildFile section */
		00011C5B1EFCBAD5005FD793 /* AppDelegate.swift in Sources */ = {isa = PBXBuildFile; fileRef = 00011C5A1EFCBAD5005FD793 /* AppDelegate.swift */; };
		00011C5D1EFCBAD5005FD793 /* ViewController.swift in Sources */ = {isa = PBXBuildFile; fileRef = 00011C5C1EFCBAD5005FD793 /* ViewController.swift */; };
		00011C601EFCBAD5005FD793 /* Main.storyboard in Resources */ = {isa = PBXBuildFile; fileRef = 00011C5E1EFCBAD5005FD793 /* Main.storyboard */; };
		00011C621EFCBAD5005FD793 /* Assets.xcassets in Resources */ = {isa = PBXBuildFile; fileRef = 00011C611EFCBAD5005FD793 /* Assets.xcassets */; };
		00011C651EFCBAD5005FD793 /* LaunchScreen.storyboard in Resources */ = {isa = PBXBuildFile; fileRef = 00011C631EFCBAD5005FD793 /* LaunchScreen.storyboard */; };
		00011C6D1EFCBB07005FD793 /* Inceptionv3.mlmodel in Sources */ = {isa = PBXBuildFile; fileRef = 00011C6C1EFCBAFF005FD793 /* Inceptionv3.mlmodel */; };
/* End PBXBuildFile section */

/* Begin PBXFileReference section */
		00011C571EFCBAD5005FD793 /* MachineLearningSample.app */ = {isa = PBXFileReference; explicitFileType = wrapper.application; includeInIndex = 0; path = MachineLearningSample.app; sourceTree = BUILT_PRODUCTS_DIR; };
		00011C5A1EFCBAD5005FD793 /* AppDelegate.swift */ = {isa = PBXFileReference; lastKnownFileType = sourcecode.swift; path = AppDelegate.swift; sourceTree = "<group>"; };
		00011C5C1EFCBAD5005FD793 /* ViewController.swift */ = {isa = PBXFileReference; lastKnownFileType = sourcecode.swift; path = ViewController.swift; sourceTree = "<group>"; };
		00011C5F1EFCBAD5005FD793 /* Base */ = {isa = PBXFileReference; lastKnownFileType = file.storyboard; name = Base; path = Base.lproj/Main.storyboard; sourceTree = "<group>"; };
		00011C611EFCBAD5005FD793 /* Assets.xcassets */ = {isa = PBXFileReference; lastKnownFileType = folder.assetcatalog; path = Assets.xcassets; sourceTree = "<group>"; };
		00011C641EFCBAD5005FD793 /* Base */ = {isa = PBXFileReference; lastKnownFileType = file.storyboard; name = Base; path = Base.lproj/LaunchScreen.storyboard; sourceTree = "<group>"; };
		00011C661EFCBAD5005FD793 /* Info.plist */ = {isa = PBXFileReference; lastKnownFileType = text.plist.xml; path = Info.plist; sourceTree = "<group>"; };
		00011C6C1EFCBAFF005FD793 /* Inceptionv3.mlmodel */ = {isa = PBXFileReference; lastKnownFileType = file.mlmodel; path = Inceptionv3.mlmodel; sourceTree = "<group>"; };
/* End PBXFileReference section */

/* Begin PBXFrameworksBuildPhase section */
		00011C541EFCBAD5005FD793 /* Frameworks */ = {
			isa = PBXFrameworksBuildPhase;
			buildActionMask = 2147483647;
			files = (
			);
			runOnlyForDeploymentPostprocessing = 0;
		};
/* End PBXFrameworksBuildPhase section */

/* Begin PBXGroup section */
		00011C4E1EFCBAD5005FD793 = {
			isa = PBXGroup;
			children = (
				00011C591EFCBAD5005FD793 /* MachineLearningSample */,
				00011C581EFCBAD5005FD793 /* Products */,
			);
			sourceTree = "<group>";
		};
		00011C581EFCBAD5005FD793 /* Products */ = {
			isa = PBXGroup;
			children = (
				00011C571EFCBAD5005FD793 /* MachineLearningSample.app */,
			);
			name = Products;
			sourceTree = "<group>";
		};
		00011C591EFCBAD5005FD793 /* MachineLearningSample */ = {
			isa = PBXGroup;
			children = (
				00011C5A1EFCBAD5005FD793 /* AppDelegate.swift */,
				00011C5C1EFCBAD5005FD793 /* ViewController.swift */,
				00011C6C1EFCBAFF005FD793 /* Inceptionv3.mlmodel */,
				00011C5E1EFCBAD5005FD793 /* Main.storyboard */,
				00011C611EFCBAD5005FD793 /* Assets.xcassets */,
				00011C631EFCBAD5005FD793 /* LaunchScreen.storyboard */,
				00011C661EFCBAD5005FD793 /* Info.plist */,
			);
			path = MachineLearningSample;
			sourceTree = "<group>";
		};
/* End PBXGroup section */

/* Begin PBXNativeTarget section */
		00011C561EFCBAD5005FD793 /* MachineLearningSample */ = {
			isa = PBXNativeTarget;
			buildConfigurationList = 00011C691EFCBAD5005FD793 /* Build configuration list for PBXNativeTarget "MachineLearningSample" */;
			buildPhases = (
				00011C531EFCBAD5005FD793 /* Sources */,
				00011C541EFCBAD5005FD793 /* Frameworks */,
				00011C551EFCBAD5005FD793 /* Resources */,
			);
			buildRules = (
			);
			dependencies = (
			);
			name = MachineLearningSample;
			productName = MachineLearningSample;
			productReference = 00011C571EFCBAD5005FD793 /* MachineLearningSample.app */;
			productType = "com.apple.product-type.application";
		};
/* End PBXNativeTarget section */

/* Begin PBXProject section */
		00011C4F1EFCBAD5005FD793 /* Project object */ = {
			isa = PBXProject;
			attributes = {
				LastSwiftUpdateCheck = 0900;
				LastUpgradeCheck = 0900;
				ORGANIZATIONNAME = TendCloud;
				TargetAttributes = {
					00011C561EFCBAD5005FD793 = {
						CreatedOnToolsVersion = 9.0;
					};
				};
			};
			buildConfigurationList = 00011C521EFCBAD5005FD793 /* Build configuration list for PBXProject "MachineLearningSample" */;
			compatibilityVersion = "Xcode 8.0";
			developmentRegion = en;
			hasScannedForEncodings = 0;
			knownRegions = (
				en,
				Base,
			);
			mainGroup = 00011C4E1EFCBAD5005FD793;
			productRefGroup = 00011C581EFCBAD5005FD793 /* Products */;
			projectDirPath = "";
			projectRoot = "";
			targets = (
				00011C561EFCBAD5005FD793 /* MachineLearningSample */,
			);
		};
/* End PBXProject section */

/* Begin PBXResourcesBuildPhase section */
		00011C551EFCBAD5005FD793 /* Resources */ = {
			isa = PBXResourcesBuildPhase;
			buildActionMask = 2147483647;
			files = (
				00011C651EFCBAD5005FD793 /* LaunchScreen.storyboard in Resources */,
				00011C621EFCBAD5005FD793 /* Assets.xcassets in Resources */,
				00011C601EFCBAD5005FD793 /* Main.storyboard in Resources */,
			);
			runOnlyForDeploymentPostprocessing = 0;
		};
/* End PBXResourcesBuildPhase section */

/* Begin PBXSourcesBuildPhase section */
		00011C531EFCBAD5005FD793 /* Sources */ = {
			isa = PBXSourcesBuildPhase;
			buildActionMask = 2147483647;
			files = (
				00011C5D1EFCBAD5005FD793 /* ViewController.swift in Sources */,
				00011C6D1EFCBB07005FD793 /* Inceptionv3.mlmodel in Sources */,
				00011C5B1EFCBAD5005FD793 /* AppDelegate.swift in Sources */,
			);
			runOnlyForDeploymentPostprocessing = 0;
		};
/* End PBXSourcesBuildPhase section */

/* Begin PBXVariantGroup section */
		00011C5E1EFCBAD5005FD793 /* Main.storyboard */ = {
			isa = PBXVariantGroup;
			children = (
				00011C5F1EFCBAD5005FD793 /* Base */,
			);
			name = Main.storyboard;
			sourceTree = "<group>";
		};
		00011C631EFCBAD5005FD793 /* LaunchScreen.storyboard */ = {
			isa = PBXVariantGroup;
			children = (
				00011C641EFCBAD5005FD793 /* Base */,
			);
			name = LaunchScreen.storyboard;
			sourceTree = "<group>";
		};
/* End PBXVariantGroup section */

/* Begin XCBuildConfiguration section */
		00011C671EFCBAD5005FD793 /* Debug */ = {
			isa = XCBuildConfiguration;
			buildSettings = {
				ALWAYS_SEARCH_USER_PATHS = NO;
				CLANG_ANALYZER_NONNULL = YES;
				CLANG_ANALYZER_NUMBER_OBJECT_CONVERSION = YES_AGGRESSIVE;
				CLANG_CXX_LANGUAGE_STANDARD = "gnu++14";
				CLANG_CXX_LIBRARY = "libc++";
				CLANG_ENABLE_MODULES = YES;
				CLANG_ENABLE_OBJC_ARC = YES;
				CLANG_WARN_BLOCK_CAPTURE_AUTORELEASING = YES;
				CLANG_WARN_BOOL_CONVERSION = YES;
				CLANG_WARN_COMMA = YES;
				CLANG_WARN_CONSTANT_CONVERSION = YES;
				CLANG_WARN_DIRECT_OBJC_ISA_USAGE = YES_ERROR;
				CLANG_WARN_DOCUMENTATION_COMMENTS = YES;
				CLANG_WARN_EMPTY_BODY = YES;
				CLANG_WARN_ENUM_CONVERSION = YES;
				CLANG_WARN_INFINITE_RECURSION = YES;
				CLANG_WARN_INT_CONVERSION = YES;
				CLANG_WARN_OBJC_ROOT_CLASS = YES_ERROR;
				CLANG_WARN_RANGE_LOOP_ANALYSIS = YES;
				CLANG_WARN_STRICT_PROTOTYPES = YES;
				CLANG_WARN_SUSPICIOUS_MOVE = YES;
				CLANG_WARN_UNGUARDED_AVAILABILITY = YES_AGGRESSIVE;
				CLANG_WARN_UNREACHABLE_CODE = YES;
				CLANG_WARN__DUPLICATE_METHOD_MATCH = YES;
				CODE_SIGN_IDENTITY = "iPhone Developer";
				COPY_PHASE_STRIP = NO;
				DEBUG_INFORMATION_FORMAT = dwarf;
				ENABLE_STRICT_OBJC_MSGSEND = YES;
				ENABLE_TESTABILITY = YES;
				GCC_C_LANGUAGE_STANDARD = gnu11;
				GCC_DYNAMIC_NO_PIC = NO;
				GCC_NO_COMMON_BLOCKS = YES;
				GCC_OPTIMIZATION_LEVEL = 0;
				GCC_PREPROCESSOR_DEFINITIONS = (
					"DEBUG=1",
					"$(inherited)",
				);
				GCC_WARN_64_TO_32_BIT_CONVERSION = YES;
				GCC_WARN_ABOUT_RETURN_TYPE = YES_ERROR;
				GCC_WARN_UNDECLARED_SELECTOR = YES;
				GCC_WARN_UNINITIALIZED_AUTOS = YES_AGGRESSIVE;
				GCC_WARN_UNUSED_FUNCTION = YES;
				GCC_WARN_UNUSED_VARIABLE = YES;
				IPHONEOS_DEPLOYMENT_TARGET = 11.0;
				MTL_ENABLE_DEBUG_INFO = YES;
				ONLY_ACTIVE_ARCH = YES;
				SDKROOT = iphoneos;
				SWIFT_ACTIVE_COMPILATION_CONDITIONS = DEBUG;
				SWIFT_OPTIMIZATION_LEVEL = "-Onone";
			};
			name = Debug;
		};
		00011C681EFCBAD5005FD793 /* Release */ = {
			isa = XCBuildConfiguration;
			buildSettings = {
				ALWAYS_SEARCH_USER_PATHS = NO;
				CLANG_ANALYZER_NONNULL = YES;
				CLANG_ANALYZER_NUMBER_OBJECT_CONVERSION = YES_AGGRESSIVE;
				CLANG_CXX_LANGUAGE_STANDARD = "gnu++14";
				CLANG_CXX_LIBRARY = "libc++";
				CLANG_ENABLE_MODULES = YES;
				CLANG_ENABLE_OBJC_ARC = YES;
				CLANG_WARN_BLOCK_CAPTURE_AUTORELEASING = YES;
				CLANG_WARN_BOOL_CONVERSION = YES;
				CLANG_WARN_COMMA = YES;
				CLANG_WARN_CONSTANT_CONVERSION = YES;
				CLANG_WARN_DIRECT_OBJC_ISA_USAGE = YES_ERROR;
				CLANG_WARN_DOCUMENTATION_COMMENTS = YES;
				CLANG_WARN_EMPTY_BODY = YES;
				CLANG_WARN_ENUM_CONVERSION = YES;
				CLANG_WARN_INFINITE_RECURSION = YES;
				CLANG_WARN_INT_CONVERSION = YES;
				CLANG_WARN_OBJC_ROOT_CLASS = YES_ERROR;
				CLANG_WARN_RANGE_LOOP_ANALYSIS = YES;
				CLANG_WARN_STRICT_PROTOTYPES = YES;
				CLANG_WARN_SUSPICIOUS_MOVE = YES;
				CLANG_WARN_UNGUARDED_AVAILABILITY = YES_AGGRESSIVE;
				CLANG_WARN_UNREACHABLE_CODE = YES;
				CLANG_WARN__DUPLICATE_METHOD_MATCH = YES;
				CODE_SIGN_IDENTITY = "iPhone Developer";
				COPY_PHASE_STRIP = NO;
				DEBUG_INFORMATION_FORMAT = "dwarf-with-dsym";
				ENABLE_NS_ASSERTIONS = NO;
				ENABLE_STRICT_OBJC_MSGSEND = YES;
				GCC_C_LANGUAGE_STANDARD = gnu11;
				GCC_NO_COMMON_BLOCKS = YES;
				GCC_WARN_64_TO_32_BIT_CONVERSION = YES;
				GCC_WARN_ABOUT_RETURN_TYPE = YES_ERROR;
				GCC_WARN_UNDECLARED_SELECTOR = YES;
				GCC_WARN_UNINITIALIZED_AUTOS = YES_AGGRESSIVE;
				GCC_WARN_UNUSED_FUNCTION = YES;
				GCC_WARN_UNUSED_VARIABLE = YES;
				IPHONEOS_DEPLOYMENT_TARGET = 11.0;
				MTL_ENABLE_DEBUG_INFO = NO;
				SDKROOT = iphoneos;
				SWIFT_OPTIMIZATION_LEVEL = "-Owholemodule";
				VALIDATE_PRODUCT = YES;
			};
			name = Release;
		};
		00011C6A1EFCBAD5005FD793 /* Debug */ = {
			isa = XCBuildConfiguration;
			buildSettings = {
				ASSETCATALOG_COMPILER_APPICON_NAME = AppIcon;
				DEVELOPMENT_TEAM = W7YDEDGW4E;
				INFOPLIST_FILE = MachineLearningSample/Info.plist;
				LD_RUNPATH_SEARCH_PATHS = "$(inherited) @executable_path/Frameworks";
				PRODUCT_BUNDLE_IDENTIFIER = com.TalkingData.MachineLearningSample;
				PRODUCT_NAME = "$(TARGET_NAME)";
				SWIFT_VERSION = 4.0;
				TARGETED_DEVICE_FAMILY = "1,2";
			};
			name = Debug;
		};
		00011C6B1EFCBAD5005FD793 /* Release */ = {
			isa = XCBuildConfiguration;
			buildSettings = {
				ASSETCATALOG_COMPILER_APPICON_NAME = AppIcon;
				DEVELOPMENT_TEAM = W7YDEDGW4E;
				INFOPLIST_FILE = MachineLearningSample/Info.plist;
				LD_RUNPATH_SEARCH_PATHS = "$(inherited) @executable_path/Frameworks";
				PRODUCT_BUNDLE_IDENTIFIER = com.TalkingData.MachineLearningSample;
				PRODUCT_NAME = "$(TARGET_NAME)";
				SWIFT_VERSION = 4.0;
				TARGETED_DEVICE_FAMILY = "1,2";
			};
			name = Release;
		};
/* End XCBuildConfiguration section */

/* Begin XCConfigurationList section */
		00011C521EFCBAD5005FD793 /* Build configuration list for PBXProject "MachineLearningSample" */ = {
			isa = XCConfigurationList;
			buildConfigurations = (
				00011C671EFCBAD5005FD793 /* Debug */,
				00011C681EFCBAD5005FD793 /* Release */,
			);
			defaultConfigurationIsVisible = 0;
			defaultConfigurationName = Release;
		};
		00011C691EFCBAD5005FD793 /* Build configuration list for PBXNativeTarget "MachineLearningSample" */ = {
			isa = XCConfigurationList;
			buildConfigurations = (
				00011C6A1EFCBAD5005FD793 /* Debug */,
				00011C6B1EFCBAD5005FD793 /* Release */,
			);
			defaultConfigurationIsVisible = 0;
		};
/* End XCConfigurationList section */
	};
	rootObject = 00011C4F1EFCBAD5005FD793 /* Project object */;
}
